dependencies:
- name: postgresql
  repository: file://./postgresql
  version: 1.0.0
- name: app-config
  repository: file://./app-config
  version: 1.0.0
- name: users-service
  repository: file://./users-service
  version: 1.0.0
- name: products-service
  repository: file://./products-service
  version: 1.0.0
- name: orders-service
  repository: file://./orders-service
  version: 1.0.0
- name: gateway-service
  repository: file://./gateway-service
  version: 1.0.0
digest: sha256:aa5a232e4a603df1c551dde4ad2af07e8f81c45077f2c0c533f5a039cfeceb41
generated: "2025-09-05T22:11:01.658374Z"
