dependencies:
- name: postgresql
  repository: file://./postgresql
  version: 1.0.0
- name: app-config
  repository: file://./app-config
  version: 1.0.0
- name: users-service
  repository: file://./users-service
  version: 1.0.0
- name: products-service
  repository: file://./products-service
  version: 1.0.0
- name: orders-service
  repository: file://./orders-service
  version: 1.0.0
- name: gateway-service
  repository: file://./gateway-service
  version: 1.0.0
- name: gateway-ingress
  repository: file://./gateway-ingress
  version: 1.0.0
digest: sha256:bd7ee3f1c012a69a275b86bd2c67cf391dfe6ef830dfa3f37d75b98b184c55b8
generated: "2025-09-09T16:18:09.154574Z"
